{
    "_readme": [
        "This file locks the dependencies of your project to a known state",
        "Read more about it at https://getcomposer.org/doc/01-basic-usage.md#installing-dependencies",
        "This file is @generated automatically"
    ],
    "content-hash": "ea9548c5bca5bfc4a9d4d98c32062e56",
    "packages": [
        {
            "name": "clue/stream-filter",
            "version": "v1.6.0",
            "source": {
                "type": "git",
                "url": "https://github.com/clue/stream-filter.git",
                "reference": "d6169430c7731d8509da7aecd0af756a5747b78e"
            },
            "dist": {
                "type": "zip",
                "url": "https://api.github.com/repos/clue/stream-filter/zipball/d6169430c7731d8509da7aecd0af756a5747b78e",
                "reference": "d6169430c7731d8509da7aecd0af756a5747b78e",
                "shasum": ""
            },
            "require": {
                "php": ">=5.3"
            },
            "require-dev": {
                "phpunit/phpunit": "^9.3 || ^5.7 || ^4.8.36"
            },
            "type": "library",
            "autoload": {
                "files": [
                    "src/functions_include.php"
                ],
                "psr-4": {
                    "Clue\\StreamFilter\\": "src/"
                }
            },
            "notification-url": "https://packagist.org/downloads/",
            "license": [
                "MIT"
            ],
            "authors": [
                {
                    "name": "Christian Lück",
                    "email": "christian@clue.engineering"
                }
            ],
            "description": "A simple and modern approach to stream filtering in PHP",
            "homepage": "https://github.com/clue/php-stream-filter",
            "keywords": [
                "bucket brigade",
                "callback",
                "filter",
                "php_user_filter",
                "stream",
                "stream_filter_append",
                "stream_filter_register"
            ],
            "support": {
                "issues": "https://github.com/clue/stream-filter/issues",
                "source": "https://github.com/clue/stream-filter/tree/v1.6.0"
            },
            "funding": [
                {
                    "url": "https://clue.engineering/support",
                    "type": "custom"
                },
                {
                    "url": "https://github.com/clue",
                    "type": "github"
                }
            ],
            "time": "2022-02-21T13:15:14+00:00"
        },
        {
            "name": "guzzlehttp/guzzle",
            "version": "7.7.0",
            "source": {
                "type": "git",
                "url": "https://github.com/guzzle/guzzle.git",
                "reference": "fb7566caccf22d74d1ab270de3551f72a58399f5"
            },
            "dist": {
                "type": "zip",
                "url": "https://api.github.com/repos/guzzle/guzzle/zipball/fb7566caccf22d74d1ab270de3551f72a58399f5",
                "reference": "fb7566caccf22d74d1ab270de3551f72a58399f5",
                "shasum": ""
            },
            "require": {
                "ext-json": "*",
                "guzzlehttp/promises": "^1.5.3 || ^2.0",
                "guzzlehttp/psr7": "^1.9.1 || ^2.4.5",
                "php": "^7.2.5 || ^8.0",
                "psr/http-client": "^1.0",
                "symfony/deprecation-contracts": "^2.2 || ^3.0"
            },
            "provide": {
                "psr/http-client-implementation": "1.0"
            },
            "require-dev": {
                "bamarni/composer-bin-plugin": "^1.8.1",
                "ext-curl": "*",
                "php-http/client-integration-tests": "dev-master#2c025848417c1135031fdf9c728ee53d0a7ceaee as 3.0.999",
                "php-http/message-factory": "^1.1",
                "phpunit/phpunit": "^8.5.29 || ^9.5.23",
                "psr/log": "^1.1 || ^2.0 || ^3.0"
            },
            "suggest": {
                "ext-curl": "Required for CURL handler support",
                "ext-intl": "Required for Internationalized Domain Name (IDN) support",
                "psr/log": "Required for using the Log middleware"
            },
            "type": "library",
            "extra": {
                "bamarni-bin": {
                    "bin-links": true,
                    "forward-command": false
                }
            },
            "autoload": {
                "files": [
                    "src/functions_include.php"
                ],
                "psr-4": {
                    "GuzzleHttp\\": "src/"
                }
            },
            "notification-url": "https://packagist.org/downloads/",
            "license": [
                "MIT"
            ],
            "authors": [
                {
                    "name": "Graham Campbell",
                    "email": "hello@gjcampbell.co.uk",
                    "homepage": "https://github.com/GrahamCampbell"
                },
                {
                    "name": "Michael Dowling",
                    "email": "mtdowling@gmail.com",
                    "homepage": "https://github.com/mtdowling"
                },
                {
                    "name": "Jeremy Lindblom",
                    "email": "jeremeamia@gmail.com",
                    "homepage": "https://github.com/jeremeamia"
                },
                {
                    "name": "George Mponos",
                    "email": "gmponos@gmail.com",
                    "homepage": "https://github.com/gmponos"
                },
                {
                    "name": "Tobias Nyholm",
                    "email": "tobias.nyholm@gmail.com",
                    "homepage": "https://github.com/Nyholm"
                },
                {
                    "name": "Márk Sági-Kazár",
                    "email": "mark.sagikazar@gmail.com",
                    "homepage": "https://github.com/sagikazarmark"
                },
                {
                    "name": "Tobias Schultze",
                    "email": "webmaster@tubo-world.de",
                    "homepage": "https://github.com/Tobion"
                }
            ],
            "description": "Guzzle is a PHP HTTP client library",
            "keywords": [
                "client",
                "curl",
                "framework",
                "http",
                "http client",
                "psr-18",
                "psr-7",
                "rest",
                "web service"
            ],
            "support": {
                "issues": "https://github.com/guzzle/guzzle/issues",
                "source": "https://github.com/guzzle/guzzle/tree/7.7.0"
            },
            "funding": [
                {
                    "url": "https://github.com/GrahamCampbell",
                    "type": "github"
                },
                {
                    "url": "https://github.com/Nyholm",
                    "type": "github"
                },
                {
                    "url": "https://tidelift.com/funding/github/packagist/guzzlehttp/guzzle",
                    "type": "tidelift"
                }
            ],
            "time": "2023-05-21T14:04:53+00:00"
        },
        {
            "name": "guzzlehttp/promises",
            "version": "2.0.0",
            "source": {
                "type": "git",
                "url": "https://github.com/guzzle/promises.git",
                "reference": "3a494dc7dc1d7d12e511890177ae2d0e6c107da6"
            },
            "dist": {
                "type": "zip",
                "url": "https://api.github.com/repos/guzzle/promises/zipball/3a494dc7dc1d7d12e511890177ae2d0e6c107da6",
                "reference": "3a494dc7dc1d7d12e511890177ae2d0e6c107da6",
                "shasum": ""
            },
            "require": {
                "php": "^7.2.5 || ^8.0"
            },
            "require-dev": {
                "bamarni/composer-bin-plugin": "^1.8.1",
                "phpunit/phpunit": "^8.5.29 || ^9.5.23"
            },
            "type": "library",
            "extra": {
                "bamarni-bin": {
                    "bin-links": true,
                    "forward-command": false
                }
            },
            "autoload": {
                "psr-4": {
                    "GuzzleHttp\\Promise\\": "src/"
                }
            },
            "notification-url": "https://packagist.org/downloads/",
            "license": [
                "MIT"
            ],
            "authors": [
                {
                    "name": "Graham Campbell",
                    "email": "hello@gjcampbell.co.uk",
                    "homepage": "https://github.com/GrahamCampbell"
                },
                {
                    "name": "Michael Dowling",
                    "email": "mtdowling@gmail.com",
                    "homepage": "https://github.com/mtdowling"
                },
                {
                    "name": "Tobias Nyholm",
                    "email": "tobias.nyholm@gmail.com",
                    "homepage": "https://github.com/Nyholm"
                },
                {
                    "name": "Tobias Schultze",
                    "email": "webmaster@tubo-world.de",
                    "homepage": "https://github.com/Tobion"
                }
            ],
            "description": "Guzzle promises library",
            "keywords": [
                "promise"
            ],
            "support": {
                "issues": "https://github.com/guzzle/promises/issues",
                "source": "https://github.com/guzzle/promises/tree/2.0.0"
            },
            "funding": [
                {
                    "url": "https://github.com/GrahamCampbell",
                    "type": "github"
                },
                {
                    "url": "https://github.com/Nyholm",
                    "type": "github"
                },
                {
                    "url": "https://tidelift.com/funding/github/packagist/guzzlehttp/promises",
                    "type": "tidelift"
                }
            ],
            "time": "2023-05-21T13:50:22+00:00"
        },
        {
            "name": "guzzlehttp/psr7",
            "version": "2.5.0",
            "source": {
                "type": "git",
                "url": "https://github.com/guzzle/psr7.git",
                "reference": "b635f279edd83fc275f822a1188157ffea568ff6"
            },
            "dist": {
                "type": "zip",
                "url": "https://api.github.com/repos/guzzle/psr7/zipball/b635f279edd83fc275f822a1188157ffea568ff6",
                "reference": "b635f279edd83fc275f822a1188157ffea568ff6",
                "shasum": ""
            },
            "require": {
                "php": "^7.2.5 || ^8.0",
                "psr/http-factory": "^1.0",
                "psr/http-message": "^1.1 || ^2.0",
                "ralouphie/getallheaders": "^3.0"
            },
            "provide": {
                "psr/http-factory-implementation": "1.0",
                "psr/http-message-implementation": "1.0"
            },
            "require-dev": {
                "bamarni/composer-bin-plugin": "^1.8.1",
                "http-interop/http-factory-tests": "^0.9",
                "phpunit/phpunit": "^8.5.29 || ^9.5.23"
            },
            "suggest": {
                "laminas/laminas-httphandlerrunner": "Emit PSR-7 responses"
            },
            "type": "library",
            "extra": {
                "bamarni-bin": {
                    "bin-links": true,
                    "forward-command": false
                }
            },
            "autoload": {
                "psr-4": {
                    "GuzzleHttp\\Psr7\\": "src/"
                }
            },
            "notification-url": "https://packagist.org/downloads/",
            "license": [
                "MIT"
            ],
            "authors": [
                {
                    "name": "Graham Campbell",
                    "email": "hello@gjcampbell.co.uk",
                    "homepage": "https://github.com/GrahamCampbell"
                },
                {
                    "name": "Michael Dowling",
                    "email": "mtdowling@gmail.com",
                    "homepage": "https://github.com/mtdowling"
                },
                {
                    "name": "George Mponos",
                    "email": "gmponos@gmail.com",
                    "homepage": "https://github.com/gmponos"
                },
                {
                    "name": "Tobias Nyholm",
                    "email": "tobias.nyholm@gmail.com",
                    "homepage": "https://github.com/Nyholm"
                },
                {
                    "name": "Márk Sági-Kazár",
                    "email": "mark.sagikazar@gmail.com",
                    "homepage": "https://github.com/sagikazarmark"
                },
                {
                    "name": "Tobias Schultze",
                    "email": "webmaster@tubo-world.de",
                    "homepage": "https://github.com/Tobion"
                },
                {
                    "name": "Márk Sági-Kazár",
                    "email": "mark.sagikazar@gmail.com",
                    "homepage": "https://sagikazarmark.hu"
                }
            ],
            "description": "PSR-7 message implementation that also provides common utility methods",
            "keywords": [
                "http",
                "message",
                "psr-7",
                "request",
                "response",
                "stream",
                "uri",
                "url"
            ],
            "support": {
                "issues": "https://github.com/guzzle/psr7/issues",
                "source": "https://github.com/guzzle/psr7/tree/2.5.0"
            },
            "funding": [
                {
                    "url": "https://github.com/GrahamCampbell",
                    "type": "github"
                },
                {
                    "url": "https://github.com/Nyholm",
                    "type": "github"
                },
                {
                    "url": "https://tidelift.com/funding/github/packagist/guzzlehttp/psr7",
                    "type": "tidelift"
                }
            ],
            "time": "2023-04-17T16:11:26+00:00"
        },
        {
            "name": "nyholm/psr7",
            "version": "1.8.0",
            "source": {
                "type": "git",
                "url": "https://github.com/Nyholm/psr7.git",
                "reference": "3cb4d163b58589e47b35103e8e5e6a6a475b47be"
            },
            "dist": {
                "type": "zip",
                "url": "https://api.github.com/repos/Nyholm/psr7/zipball/3cb4d163b58589e47b35103e8e5e6a6a475b47be",
                "reference": "3cb4d163b58589e47b35103e8e5e6a6a475b47be",
                "shasum": ""
            },
            "require": {
                "php": ">=7.2",
                "psr/http-factory": "^1.0",
                "psr/http-message": "^1.1 || ^2.0"
            },
            "provide": {
                "php-http/message-factory-implementation": "1.0",
                "psr/http-factory-implementation": "1.0",
                "psr/http-message-implementation": "1.0"
            },
            "require-dev": {
                "http-interop/http-factory-tests": "^0.9",
                "php-http/message-factory": "^1.0",
                "php-http/psr7-integration-tests": "^1.0",
                "phpunit/phpunit": "^7.5 || ^8.5 || ^9.4",
                "symfony/error-handler": "^4.4"
            },
            "type": "library",
            "extra": {
                "branch-alias": {
                    "dev-master": "1.8-dev"
                }
            },
            "autoload": {
                "psr-4": {
                    "Nyholm\\Psr7\\": "src/"
                }
            },
            "notification-url": "https://packagist.org/downloads/",
            "license": [
                "MIT"
            ],
            "authors": [
                {
                    "name": "Tobias Nyholm",
                    "email": "tobias.nyholm@gmail.com"
                },
                {
                    "name": "Martijn van der Ven",
                    "email": "martijn@vanderven.se"
                }
            ],
            "description": "A fast PHP7 implementation of PSR-7",
            "homepage": "https://tnyholm.se",
            "keywords": [
                "psr-17",
                "psr-7"
            ],
            "support": {
                "issues": "https://github.com/Nyholm/psr7/issues",
                "source": "https://github.com/Nyholm/psr7/tree/1.8.0"
            },
            "funding": [
                {
                    "url": "https://github.com/Zegnat",
                    "type": "github"
                },
                {
                    "url": "https://github.com/nyholm",
                    "type": "github"
                }
            ],
            "time": "2023-05-02T11:26:24+00:00"
        },
        {
            "name": "openai-php/client",
            "version": "v0.6.2",
            "source": {
                "type": "git",
                "url": "https://github.com/openai-php/client.git",
                "reference": "aca5cfcfdc7effa1418f4b6997c3510826786b25"
            },
            "dist": {
                "type": "zip",
                "url": "https://api.github.com/repos/openai-php/client/zipball/aca5cfcfdc7effa1418f4b6997c3510826786b25",
                "reference": "aca5cfcfdc7effa1418f4b6997c3510826786b25",
                "shasum": ""
            },
            "require": {
                "php": "^8.1.0",
                "php-http/discovery": "^1.18.1",
                "php-http/multipart-stream-builder": "^1.3.0",
                "psr/http-client": "^1.0.2",
                "psr/http-client-implementation": "^1.0.1",
                "psr/http-factory-implementation": "*",
                "psr/http-message": "^1.1.0|^2.0.0"
            },
            "require-dev": {
                "guzzlehttp/guzzle": "^7.7.0",
                "guzzlehttp/psr7": "^2.5.0",
                "laravel/pint": "^1.10.2",
                "nunomaduro/collision": "^7.5.2",
                "pestphp/pest": "dev-develop as 2.6.2",
                "pestphp/pest-plugin-arch": "^2.2.0",
                "pestphp/pest-plugin-mock": "^2.0.0",
                "pestphp/pest-plugin-type-coverage": "^2.0.0",
                "phpstan/phpstan": "^1.10.15",
                "rector/rector": "^0.16.0",
                "symfony/var-dumper": "^6.3.0"
            },
            "type": "library",
            "autoload": {
                "files": [
                    "src/OpenAI.php"
                ],
                "psr-4": {
                    "OpenAI\\": "src/"
                }
            },
            "notification-url": "https://packagist.org/downloads/",
            "license": [
                "MIT"
            ],
            "authors": [
                {
                    "name": "Nuno Maduro",
                    "email": "enunomaduro@gmail.com"
                },
                {
                    "name": "Sandro Gehri"
                }
            ],
            "description": "OpenAI PHP is a supercharged PHP API client that allows you to interact with the Open AI API",
            "keywords": [
                "GPT-3",
                "api",
                "client",
                "codex",
                "dall-e",
                "language",
                "natural",
                "openai",
                "php",
                "processing",
                "sdk"
            ],
            "support": {
                "issues": "https://github.com/openai-php/client/issues",
                "source": "https://github.com/openai-php/client/tree/v0.6.2"
            },
            "funding": [
                {
                    "url": "https://www.paypal.com/paypalme/enunomaduro",
                    "type": "custom"
                },
                {
                    "url": "https://github.com/gehrisandro",
                    "type": "github"
                },
                {
                    "url": "https://github.com/nunomaduro",
                    "type": "github"
                }
            ],
            "time": "2023-06-23T20:13:33+00:00"
        },
        {
            "name": "php-http/discovery",
            "version": "1.19.0",
            "source": {
                "type": "git",
                "url": "https://github.com/php-http/discovery.git",
                "reference": "1856a119a0b0ba8da8b5c33c080aa7af8fac25b4"
            },
            "dist": {
                "type": "zip",
                "url": "https://api.github.com/repos/php-http/discovery/zipball/1856a119a0b0ba8da8b5c33c080aa7af8fac25b4",
                "reference": "1856a119a0b0ba8da8b5c33c080aa7af8fac25b4",
                "shasum": ""
            },
            "require": {
                "composer-plugin-api": "^1.0|^2.0",
                "php": "^7.1 || ^8.0"
            },
            "conflict": {
                "nyholm/psr7": "<1.0",
                "zendframework/zend-diactoros": "*"
            },
            "provide": {
                "php-http/async-client-implementation": "*",
                "php-http/client-implementation": "*",
                "psr/http-client-implementation": "*",
                "psr/http-factory-implementation": "*",
                "psr/http-message-implementation": "*"
            },
            "require-dev": {
                "composer/composer": "^1.0.2|^2.0",
                "graham-campbell/phpspec-skip-example-extension": "^5.0",
                "php-http/httplug": "^1.0 || ^2.0",
                "php-http/message-factory": "^1.0",
                "phpspec/phpspec": "^5.1 || ^6.1 || ^7.3",
                "symfony/phpunit-bridge": "^6.2"
            },
            "type": "composer-plugin",
            "extra": {
                "class": "Http\\Discovery\\Composer\\Plugin",
                "plugin-optional": true
            },
            "autoload": {
                "psr-4": {
                    "Http\\Discovery\\": "src/"
                },
                "exclude-from-classmap": [
                    "src/Composer/Plugin.php"
                ]
            },
            "notification-url": "https://packagist.org/downloads/",
            "license": [
                "MIT"
            ],
            "authors": [
                {
                    "name": "Márk Sági-Kazár",
                    "email": "mark.sagikazar@gmail.com"
                }
            ],
            "description": "Finds and installs PSR-7, PSR-17, PSR-18 and HTTPlug implementations",
            "homepage": "http://php-http.org",
            "keywords": [
                "adapter",
                "client",
                "discovery",
                "factory",
                "http",
                "message",
                "psr17",
                "psr7"
            ],
            "support": {
                "issues": "https://github.com/php-http/discovery/issues",
                "source": "https://github.com/php-http/discovery/tree/1.19.0"
            },
            "time": "2023-06-19T08:45:36+00:00"
        },
        {
            "name": "php-http/message",
            "version": "1.16.0",
            "source": {
                "type": "git",
                "url": "https://github.com/php-http/message.git",
                "reference": "47a14338bf4ebd67d317bf1144253d7db4ab55fd"
            },
            "dist": {
                "type": "zip",
                "url": "https://api.github.com/repos/php-http/message/zipball/47a14338bf4ebd67d317bf1144253d7db4ab55fd",
                "reference": "47a14338bf4ebd67d317bf1144253d7db4ab55fd",
                "shasum": ""
            },
            "require": {
                "clue/stream-filter": "^1.5",
                "php": "^7.2 || ^8.0",
                "psr/http-message": "^1.1 || ^2.0"
            },
            "provide": {
                "php-http/message-factory-implementation": "1.0"
            },
            "require-dev": {
                "ergebnis/composer-normalize": "^2.6",
                "ext-zlib": "*",
                "guzzlehttp/psr7": "^1.0 || ^2.0",
                "laminas/laminas-diactoros": "^2.0 || ^3.0",
                "php-http/message-factory": "^1.0.2",
                "phpspec/phpspec": "^5.1 || ^6.3 || ^7.1",
                "slim/slim": "^3.0"
            },
            "suggest": {
                "ext-zlib": "Used with compressor/decompressor streams",
                "guzzlehttp/psr7": "Used with Guzzle PSR-7 Factories",
                "laminas/laminas-diactoros": "Used with Diactoros Factories",
                "slim/slim": "Used with Slim Framework PSR-7 implementation"
            },
            "type": "library",
            "autoload": {
                "files": [
                    "src/filters.php"
                ],
                "psr-4": {
                    "Http\\Message\\": "src/"
                }
            },
            "notification-url": "https://packagist.org/downloads/",
            "license": [
                "MIT"
            ],
            "authors": [
                {
                    "name": "Márk Sági-Kazár",
                    "email": "mark.sagikazar@gmail.com"
                }
            ],
            "description": "HTTP Message related tools",
            "homepage": "http://php-http.org",
            "keywords": [
                "http",
                "message",
                "psr-7"
            ],
            "support": {
                "issues": "https://github.com/php-http/message/issues",
                "source": "https://github.com/php-http/message/tree/1.16.0"
            },
            "time": "2023-05-17T06:43:38+00:00"
        },
        {
            "name": "php-http/multipart-stream-builder",
            "version": "1.3.0",
            "source": {
                "type": "git",
                "url": "https://github.com/php-http/multipart-stream-builder.git",
                "reference": "f5938fd135d9fa442cc297dc98481805acfe2b6a"
            },
            "dist": {
                "type": "zip",
                "url": "https://api.github.com/repos/php-http/multipart-stream-builder/zipball/f5938fd135d9fa442cc297dc98481805acfe2b6a",
                "reference": "f5938fd135d9fa442cc297dc98481805acfe2b6a",
                "shasum": ""
            },
            "require": {
                "php": "^7.1 || ^8.0",
                "php-http/discovery": "^1.15",
                "psr/http-factory-implementation": "^1.0"
            },
            "require-dev": {
                "nyholm/psr7": "^1.0",
                "php-http/message": "^1.5",
                "php-http/message-factory": "^1.0.2",
                "phpunit/phpunit": "^7.5.15 || ^8.5 || ^9.3"
            },
            "type": "library",
            "autoload": {
                "psr-4": {
                    "Http\\Message\\MultipartStream\\": "src/"
                }
            },
            "notification-url": "https://packagist.org/downloads/",
            "license": [
                "MIT"
            ],
            "authors": [
                {
                    "name": "Tobias Nyholm",
                    "email": "tobias.nyholm@gmail.com"
                }
            ],
            "description": "A builder class that help you create a multipart stream",
            "homepage": "http://php-http.org",
            "keywords": [
                "factory",
                "http",
                "message",
                "multipart stream",
                "stream"
            ],
            "support": {
                "issues": "https://github.com/php-http/multipart-stream-builder/issues",
                "source": "https://github.com/php-http/multipart-stream-builder/tree/1.3.0"
            },
            "time": "2023-04-28T14:10:22+00:00"
        },
        {
            "name": "psr/http-client",
            "version": "1.0.2",
            "source": {
                "type": "git",
                "url": "https://github.com/php-fig/http-client.git",
                "reference": "0955afe48220520692d2d09f7ab7e0f93ffd6a31"
            },
            "dist": {
                "type": "zip",
                "url": "https://api.github.com/repos/php-fig/http-client/zipball/0955afe48220520692d2d09f7ab7e0f93ffd6a31",
                "reference": "0955afe48220520692d2d09f7ab7e0f93ffd6a31",
                "shasum": ""
            },
            "require": {
                "php": "^7.0 || ^8.0",
                "psr/http-message": "^1.0 || ^2.0"
            },
            "type": "library",
            "extra": {
                "branch-alias": {
                    "dev-master": "1.0.x-dev"
                }
            },
            "autoload": {
                "psr-4": {
                    "Psr\\Http\\Client\\": "src/"
                }
            },
            "notification-url": "https://packagist.org/downloads/",
            "license": [
                "MIT"
            ],
            "authors": [
                {
                    "name": "PHP-FIG",
                    "homepage": "https://www.php-fig.org/"
                }
            ],
            "description": "Common interface for HTTP clients",
            "homepage": "https://github.com/php-fig/http-client",
            "keywords": [
                "http",
                "http-client",
                "psr",
                "psr-18"
            ],
            "support": {
                "source": "https://github.com/php-fig/http-client/tree/1.0.2"
            },
            "time": "2023-04-10T20:12:12+00:00"
        },
        {
            "name": "psr/http-factory",
            "version": "1.0.2",
            "source": {
                "type": "git",
                "url": "https://github.com/php-fig/http-factory.git",
                "reference": "e616d01114759c4c489f93b099585439f795fe35"
            },
            "dist": {
                "type": "zip",
                "url": "https://api.github.com/repos/php-fig/http-factory/zipball/e616d01114759c4c489f93b099585439f795fe35",
                "reference": "e616d01114759c4c489f93b099585439f795fe35",
                "shasum": ""
            },
            "require": {
                "php": ">=7.0.0",
                "psr/http-message": "^1.0 || ^2.0"
            },
            "type": "library",
            "extra": {
                "branch-alias": {
                    "dev-master": "1.0.x-dev"
                }
            },
            "autoload": {
                "psr-4": {
                    "Psr\\Http\\Message\\": "src/"
                }
            },
            "notification-url": "https://packagist.org/downloads/",
            "license": [
                "MIT"
            ],
            "authors": [
                {
                    "name": "PHP-FIG",
                    "homepage": "https://www.php-fig.org/"
                }
            ],
            "description": "Common interfaces for PSR-7 HTTP message factories",
            "keywords": [
                "factory",
                "http",
                "message",
                "psr",
                "psr-17",
                "psr-7",
                "request",
                "response"
            ],
            "support": {
                "source": "https://github.com/php-fig/http-factory/tree/1.0.2"
            },
            "time": "2023-04-10T20:10:41+00:00"
        },
        {
            "name": "psr/http-message",
            "version": "2.0",
            "source": {
                "type": "git",
                "url": "https://github.com/php-fig/http-message.git",
                "reference": "402d35bcb92c70c026d1a6a9883f06b2ead23d71"
            },
            "dist": {
                "type": "zip",
                "url": "https://api.github.com/repos/php-fig/http-message/zipball/402d35bcb92c70c026d1a6a9883f06b2ead23d71",
                "reference": "402d35bcb92c70c026d1a6a9883f06b2ead23d71",
                "shasum": ""
            },
            "require": {
                "php": "^7.2 || ^8.0"
            },
            "type": "library",
            "extra": {
                "branch-alias": {
                    "dev-master": "2.0.x-dev"
                }
            },
            "autoload": {
                "psr-4": {
                    "Psr\\Http\\Message\\": "src/"
                }
            },
            "notification-url": "https://packagist.org/downloads/",
            "license": [
                "MIT"
            ],
            "authors": [
                {
                    "name": "PHP-FIG",
                    "homepage": "https://www.php-fig.org/"
                }
            ],
            "description": "Common interface for HTTP messages",
            "homepage": "https://github.com/php-fig/http-message",
            "keywords": [
                "http",
                "http-message",
                "psr",
                "psr-7",
                "request",
                "response"
            ],
            "support": {
                "source": "https://github.com/php-fig/http-message/tree/2.0"
            },
            "time": "2023-04-04T09:54:51+00:00"
        },
        {
            "name": "ralouphie/getallheaders",
            "version": "3.0.3",
            "source": {
                "type": "git",
                "url": "https://github.com/ralouphie/getallheaders.git",
                "reference": "120b605dfeb996808c31b6477290a714d356e822"
            },
            "dist": {
                "type": "zip",
                "url": "https://api.github.com/repos/ralouphie/getallheaders/zipball/120b605dfeb996808c31b6477290a714d356e822",
                "reference": "120b605dfeb996808c31b6477290a714d356e822",
                "shasum": ""
            },
            "require": {
                "php": ">=5.6"
            },
            "require-dev": {
                "php-coveralls/php-coveralls": "^2.1",
                "phpunit/phpunit": "^5 || ^6.5"
            },
            "type": "library",
            "autoload": {
                "files": [
                    "src/getallheaders.php"
                ]
            },
            "notification-url": "https://packagist.org/downloads/",
            "license": [
                "MIT"
            ],
            "authors": [
                {
                    "name": "Ralph Khattar",
                    "email": "ralph.khattar@gmail.com"
                }
            ],
            "description": "A polyfill for getallheaders.",
            "support": {
                "issues": "https://github.com/ralouphie/getallheaders/issues",
                "source": "https://github.com/ralouphie/getallheaders/tree/develop"
            },
            "time": "2019-03-08T08:55:37+00:00"
        },
        {
            "name": "spatie/data-transfer-object",
            "version": "1.14.1",
            "source": {
                "type": "git",
                "url": "https://github.com/spatie/data-transfer-object.git",
                "reference": "12c25e15f08684f1c57c88ccfb3a38a677a11314"
            },
            "dist": {
                "type": "zip",
                "url": "https://api.github.com/repos/spatie/data-transfer-object/zipball/12c25e15f08684f1c57c88ccfb3a38a677a11314",
                "reference": "12c25e15f08684f1c57c88ccfb3a38a677a11314",
                "shasum": ""
            },
            "require": {
                "php": "^7.1|^8.0"
            },
            "require-dev": {
                "larapack/dd": "^1.1",
                "phpunit/phpunit": "^7.0|^9.0"
            },
            "type": "library",
            "autoload": {
                "psr-4": {
                    "Spatie\\DataTransferObject\\": "src"
                }
            },
            "notification-url": "https://packagist.org/downloads/",
            "license": [
                "MIT"
            ],
            "authors": [
                {
                    "name": "Brent Roose",
                    "email": "brent@spatie.be",
                    "homepage": "https://spatie.be",
                    "role": "Developer"
                }
            ],
            "description": "Data transfer objects with batteries included",
            "homepage": "https://github.com/spatie/data-transfer-object",
            "keywords": [
                "data-transfer-object",
                "spatie"
            ],
            "support": {
                "issues": "https://github.com/spatie/data-transfer-object/issues",
                "source": "https://github.com/spatie/data-transfer-object/tree/1.14.1"
            },
            "funding": [
                {
                    "url": "https://spatie.be/open-source/support-us",
                    "type": "custom"
                },
                {
                    "url": "https://github.com/spatie",
                    "type": "github"
                }
            ],
            "abandoned": "spatie/laravel-data",
            "time": "2021-12-15T07:25:06+00:00"
        },
        {
            "name": "symfony/deprecation-contracts",
            "version": "v3.0.2",
            "source": {
                "type": "git",
                "url": "https://github.com/symfony/deprecation-contracts.git",
                "reference": "26954b3d62a6c5fd0ea8a2a00c0353a14978d05c"
            },
            "dist": {
                "type": "zip",
                "url": "https://api.github.com/repos/symfony/deprecation-contracts/zipball/26954b3d62a6c5fd0ea8a2a00c0353a14978d05c",
                "reference": "26954b3d62a6c5fd0ea8a2a00c0353a14978d05c",
                "shasum": ""
            },
            "require": {
                "php": ">=8.0.2"
            },
            "type": "library",
            "extra": {
                "branch-alias": {
                    "dev-main": "3.0-dev"
                },
                "thanks": {
                    "name": "symfony/contracts",
                    "url": "https://github.com/symfony/contracts"
                }
            },
            "autoload": {
                "files": [
                    "function.php"
                ]
            },
            "notification-url": "https://packagist.org/downloads/",
            "license": [
                "MIT"
            ],
            "authors": [
                {
                    "name": "Nicolas Grekas",
                    "email": "p@tchwork.com"
                },
                {
                    "name": "Symfony Community",
                    "homepage": "https://symfony.com/contributors"
                }
            ],
            "description": "A generic function and convention to trigger deprecation notices",
            "homepage": "https://symfony.com",
            "support": {
                "source": "https://github.com/symfony/deprecation-contracts/tree/v3.0.2"
            },
            "funding": [
                {
                    "url": "https://symfony.com/sponsor",
                    "type": "custom"
                },
                {
                    "url": "https://github.com/fabpot",
                    "type": "github"
                },
                {
                    "url": "https://tidelift.com/funding/github/packagist/symfony/symfony",
                    "type": "tidelift"
                }
            ],
            "time": "2022-01-02T09:55:41+00:00"
        },
        {
            "name": "tectalic/openai",
            "version": "v1.5.0",
            "source": {
                "type": "git",
                "url": "https://github.com/tectalichq/public-openai-client-php.git",
                "reference": "434f48f816818f4a56eb8801f24b3d85ddc35a01"
            },
            "dist": {
                "type": "zip",
                "url": "https://api.github.com/repos/tectalichq/public-openai-client-php/zipball/434f48f816818f4a56eb8801f24b3d85ddc35a01",
                "reference": "434f48f816818f4a56eb8801f24b3d85ddc35a01",
                "shasum": ""
            },
            "require": {
                "ext-json": "*",
                "nyholm/psr7": "^1.4",
                "php": "^7.2.5 || ^8.0",
                "php-http/message": "^1.11",
                "php-http/multipart-stream-builder": "^1.2",
                "psr/http-client": "^1.0.1",
                "spatie/data-transfer-object": "^1.14"
            },
            "conflict": {
                "cebe/php-openapi": "<1.7",
                "riverline/multipart-parser": "<2.0.9",
                "symfony/yaml": "<3.4.31 || >4.0 <4.3.4"
            },
            "require-dev": {
                "league/openapi-psr7-validator": "^0.17.0",
                "mikey179/vfsstream": "^1.6.10",
                "php-http/mock-client": "^1.5",
                "phpstan/phpstan": "^1.4",
                "phpunit/phpunit": "^8.5.14 || ^9.5 || ^10.0",
                "squizlabs/php_codesniffer": "^3.6",
                "symfony/http-client": "^5.3"
            },
            "suggest": {
                "php-http/mock-client": "Simplify testing by using a mock HTTP client"
            },
            "type": "library",
            "autoload": {
                "psr-4": {
                    "Tectalic\\OpenAi\\": "src/"
                }
            },
            "notification-url": "https://packagist.org/downloads/",
            "license": [
                "MIT"
            ],
            "description": "An OpenAI REST API Client with support for ChatGPT, GPT-4, GPT-3.5, GPT-3, Codex, DALL·E, Whisper, Embeddings and Moderation models. Includes fully typed Data Transfer Objects (DTOs) for all requests and responses and IDE autocomplete support.",
            "homepage": "https://tectalic.com/apis/openai",
            "keywords": [
                "ChatGpt",
                "GPT-3",
                "ai",
                "api",
                "dall-e",
                "dalle",
                "gpt-3.5",
                "gpt-4",
                "gpt3",
                "gpt3.5",
                "gpt4",
                "openai",
                "rest",
                "tectalic",
                "whisper"
            ],
            "support": {
                "source": "https://github.com/tectalichq/public-openai-client-php/tree/v1.5.0"
            },
            "time": "2023-06-19T03:13:28+00:00"
        }
    ],
    "packages-dev": [],
    "aliases": [],
    "minimum-stability": "stable",
    "stability-flags": [],
    "prefer-stable": false,
    "prefer-lowest": false,
    "platform": [],
    "platform-dev": [],
    "plugin-api-version": "2.3.0"
}
